
Microsoft Visual Studio Solution File, Format Version 12.00
# Visual Studio Version 17
VisualStudioVersion = 17.4.33103.184
MinimumVisualStudioVersion = 10.0.40219.1
Project("{FAE04EC0-301F-11D3-BF4B-00C04F79EFBC}") = "WebApp", "WebApp\WebApp.csproj", "{A2E10FC3-F43E-4BFA-99FE-BD86323966DF}"
EndProject
Global
	GlobalSection(SolutionConfigurationPlatforms) = preSolution
		Debug|Any CPU = Debug|Any CPU
		Release|Any CPU = Release|Any CPU
	EndGlobalSection
	GlobalSection(ProjectConfigurationPlatforms) = postSolution
		{A2E10FC3-F43E-4BFA-99FE-BD86323966DF}.Debug|Any CPU.ActiveCfg = Debug|Any CPU
		{A2E10FC3-F43E-4BFA-99FE-BD86323966DF}.Debug|Any CPU.Build.0 = Debug|Any CPU
		{A2E10FC3-F43E-4BFA-99FE-BD86323966DF}.Release|Any CPU.ActiveCfg = Release|Any CPU
		{A2E10FC3-F43E-4BFA-99FE-BD86323966DF}.Release|Any CPU.Build.0 = Release|Any CPU
	EndGlobalSection
	GlobalSection(SolutionProperties) = preSolution
		HideSolutionNode = FALSE
	EndGlobalSection
	GlobalSection(ExtensibilityGlobals) = postSolution
		SolutionGuid = {59FD4BBF-EA93-4777-B197-D185219ED0C4}
	EndGlobalSection
EndGlobal
